{
  "name": "supernova-gatsby-source",
  "version": "0.1.0",
  "lockfileVersion": 1,
  "requires": true,
  "dependencies": {
    "@agoric/babel-standalone": {
      "version": "7.14.3",
      "resolved": "https://registry.npmjs.org/@agoric/babel-standalone/-/babel-standalone-7.14.3.tgz",
      "integrity": "sha512-Rdlxts19kvxHsqTjTrhGJv0yKgCyjCSVgXoLBZf9dZ7lyo/j+6xFQBiWjP03bXve3X74wUvA1QU55wVey8DEiQ=="
    },
    "@agoric/make-hardener": {
      "version": "0.1.3",
      "resolved": "https://registry.npmjs.org/@agoric/make-hardener/-/make-hardener-0.1.3.tgz",
      "integrity": "sha512-rc9M2ErE/Zu822OLCnAltr957ZVTsBvVZ7KA2unqDpjo3q7PqZF2hWFB1xXD2Qkfwt5exQ3BjFbkj+NUaTg4gA=="
    },
    "@agoric/transform-module": {
      "version": "0.4.1",
      "resolved": "https://registry.npmjs.org/@agoric/transform-module/-/transform-module-0.4.1.tgz",
      "integrity": "sha512-4TJJHXeXAWu1FCA7yXCAZmhBNoGTB/BEAe2pv+J2X8W/mJTr9b395OkDCSRMpzvmSshLfBx6wT0D7dqWIWEC1w=="
    },
    "@supernova-studio/supernova-sdk": {
      "version": "1.6.10",
      "resolved": "https://registry.npmjs.org/@supernova-studio/supernova-sdk/-/supernova-sdk-1.6.10.tgz",
      "integrity": "sha512-ifoljS1JaYDuX/bfKdfUYQAV6BCe0a0MUphfLyfV9R1GFEXQi8PxH0QZRyQTsUrA/fZyRdVwpRmcHrf6D0wyig==",
      "requires": {
        "abab": "^2.0.5",
        "async-mutex": "^0.3.1",
        "axios": "^0.20.0",
        "dot-prop": "^5.2.0",
        "jsep": "1.0.2",
        "lodash": "^4.17.20",
        "marked": "^1.1.1",
        "moment": "^2.27.0",
        "ses": "0.12.3",
        "ts-dedent": "^1.1.1",
        "uuid": "^8.3.0"
      }
    },
    "abab": {
      "version": "2.0.5",
      "resolved": "https://registry.npmjs.org/abab/-/abab-2.0.5.tgz",
      "integrity": "sha512-9IK9EadsbHo6jLWIpxpR6pL0sazTXV6+SQv25ZB+F7Bj9mJNaOc4nCRabwd5M/JwmUa8idz6Eci6eKfJryPs6Q=="
    },
    "async-mutex": {
      "version": "0.3.2",
      "resolved": "https://registry.npmjs.org/async-mutex/-/async-mutex-0.3.2.tgz",
      "integrity": "sha512-HuTK7E7MT7jZEh1P9GtRW9+aTWiDWWi9InbZ5hjxrnRa39KS4BW04+xLBhYNS2aXhHUIKZSw3gj4Pn1pj+qGAA==",
      "requires": {
        "tslib": "^2.3.1"
      }
    },
    "axios": {
      "version": "0.20.0",
      "resolved": "https://registry.npmjs.org/axios/-/axios-0.20.0.tgz",
      "integrity": "sha512-ANA4rr2BDcmmAQLOKft2fufrtuvlqR+cXNNinUmvfeSNCOF98PZL+7M/v1zIdGo7OLjEA9J2gXJL+j4zGsl0bA==",
      "requires": {
        "follow-redirects": "^1.10.0"
      }
    },
    "dot-prop": {
      "version": "5.3.0",
      "resolved": "https://registry.npmjs.org/dot-prop/-/dot-prop-5.3.0.tgz",
      "integrity": "sha512-QM8q3zDe58hqUqjraQOmzZ1LIH9SWQJTlEKCH4kJ2oQvLZk7RbQXvtDM2XEq3fwkV9CCvvH4LA0AV+ogFsBM2Q==",
      "requires": {
        "is-obj": "^2.0.0"
      }
    },
    "follow-redirects": {
      "version": "1.14.6",
      "resolved": "https://registry.npmjs.org/follow-redirects/-/follow-redirects-1.14.6.tgz",
      "integrity": "sha512-fhUl5EwSJbbl8AR+uYL2KQDxLkdSjZGR36xy46AO7cOMTrCMON6Sa28FmAnC2tRTDbd/Uuzz3aJBv7EBN7JH8A=="
    },
    "is-obj": {
      "version": "2.0.0",
      "resolved": "https://registry.npmjs.org/is-obj/-/is-obj-2.0.0.tgz",
      "integrity": "sha512-drqDG3cbczxxEJRoOXcOjtdp1J/lyp1mNn0xaznRs8+muBhgQcrnbspox5X5fOw0HnMnbfDzvnEMEtqDEJEo8w=="
    },
    "jsep": {
      "version": "1.0.2",
      "resolved": "https://registry.npmjs.org/jsep/-/jsep-1.0.2.tgz",
      "integrity": "sha512-sKZUSWYSFnavV8GOL7Zr3n1qy4ZL1HjWqSAuZJKHZYBKpjS60E0Mmw5CyDt/g6fySbo/Ra8aUbhq4eDC5qXTiw=="
    },
    "lodash": {
      "version": "4.17.21",
      "resolved": "https://registry.npmjs.org/lodash/-/lodash-4.17.21.tgz",
      "integrity": "sha512-v2kDEe57lecTulaDIuNTPy3Ry4gLGJ6Z1O3vE1krgXZNrsQ+LFTGHVxVjcXPs17LhbZVGedAJv8XZ1tvj5FvSg=="
    },
    "marked": {
      "version": "1.2.9",
      "resolved": "https://registry.npmjs.org/marked/-/marked-1.2.9.tgz",
      "integrity": "sha512-H8lIX2SvyitGX+TRdtS06m1jHMijKN/XjfH6Ooii9fvxMlh8QdqBfBDkGUpMWH2kQNrtixjzYUa3SH8ROTgRRw=="
    },
    "moment": {
      "version": "2.29.1",
      "resolved": "https://registry.npmjs.org/moment/-/moment-2.29.1.tgz",
      "integrity": "sha512-kHmoybcPV8Sqy59DwNDY3Jefr64lK/by/da0ViFcuA4DH0vQg5Q6Ze5VimxkfQNSC+Mls/Kx53s7TjP1RhFEDQ=="
    },
    "ses": {
      "version": "0.12.3",
      "resolved": "https://registry.npmjs.org/ses/-/ses-0.12.3.tgz",
      "integrity": "sha512-uDAUbVECNcgbl90ZwKCsmp5II/rgS1hiiB6KQMBU+GDvsUA+NFXdH76o3bTIk3ftPHqc4Vyk7vAU75pd+3Jy2Q==",
      "requires": {
        "@agoric/babel-standalone": "^7.9.5",
        "@agoric/make-hardener": "^0.1.2",
        "@agoric/transform-module": "^0.4.1"
      }
    },
    "slugify": {
      "version": "1.6.3",
      "resolved": "https://registry.npmjs.org/slugify/-/slugify-1.6.3.tgz",
      "integrity": "sha512-1MPyqnIhgiq+/0iDJyqSJHENdnH5MMIlgJIBxmkRMzTNKlS/QsN5dXsB+MdDq4E6w0g9jFA4XOTRkVDjDae/2w=="
    },
    "ts-dedent": {
      "version": "1.2.0",
      "resolved": "https://registry.npmjs.org/ts-dedent/-/ts-dedent-1.2.0.tgz",
      "integrity": "sha512-6zSJp23uQI+Txyz5LlXMXAHpUhY4Hi0oluXny0OgIR7g/Cromq4vDBnhtbBdyIV34g0pgwxUvnvg+jLJe4c1NA=="
    },
    "tsc": {
      "version": "2.0.3",
      "resolved": "https://registry.npmjs.org/tsc/-/tsc-2.0.3.tgz",
      "integrity": "sha512-SN+9zBUtrpUcOpaUO7GjkEHgWtf22c7FKbKCA4e858eEM7Qz86rRDpgOU2lBIDf0fLCsEg65ms899UMUIB2+Ow==",
      "dev": true
    },
    "tslib": {
      "version": "2.3.1",
      "resolved": "https://registry.npmjs.org/tslib/-/tslib-2.3.1.tgz",
      "integrity": "sha512-77EbyPPpMz+FRFRuAFlWMtmgUWGe9UOG2Z25NqCwiIjRhOf5iKGuzSe5P2w1laq+FkRy4p+PCuVkJSGkzTEKVw=="
    },
    "typescript": {
      "version": "4.5.3",
      "resolved": "https://registry.npmjs.org/typescript/-/typescript-4.5.3.tgz",
      "integrity": "sha512-eVYaEHALSt+s9LbvgEv4Ef+Tdq7hBiIZgii12xXJnukryt3pMgJf6aKhoCZ3FWQsu6sydEnkg11fYXLzhLBjeQ==",
      "dev": true
    },
    "uuid": {
      "version": "8.3.2",
      "resolved": "https://registry.npmjs.org/uuid/-/uuid-8.3.2.tgz",
      "integrity": "sha512-+NYs2QeMWy+GWFOEm9xnn6HCDp0l7QBD7ml8zLUmJ+93Q5NF0NocErnwkTkXVFNiX3/fpC6afS8Dhb/gz7R7eg=="
    }
  }
}
